
Microsoft Visual Studio Solution File, Format Version 12.00
# Visual Studio Version 17
VisualStudioVersion = 17.7.34031.279
MinimumVisualStudioVersion = 10.0.40219.1
Project("{FAE04EC0-301F-11D3-BF4B-00C04F79EFBC}") = "My application = Calculator", "My application = Calculator\My application = Calculator.csproj", "{27529D99-CB13-436C-9D90-AF6974466F04}"
EndProject
Global
	GlobalSection(SolutionConfigurationPlatforms) = preSolution
		Debug|Any CPU = Debug|Any CPU
		Release|Any CPU = Release|Any CPU
	EndGlobalSection
	GlobalSection(ProjectConfigurationPlatforms) = postSolution
		{27529D99-CB13-436C-9D90-AF6974466F04}.Debug|Any CPU.ActiveCfg = Debug|Any CPU
		{27529D99-CB13-436C-9D90-AF6974466F04}.Debug|Any CPU.Build.0 = Debug|Any CPU
		{27529D99-CB13-436C-9D90-AF6974466F04}.Release|Any CPU.ActiveCfg = Release|Any CPU
		{27529D99-CB13-436C-9D90-AF6974466F04}.Release|Any CPU.Build.0 = Release|Any CPU
	EndGlobalSection
	GlobalSection(SolutionProperties) = preSolution
		HideSolutionNode = FALSE
	EndGlobalSection
	GlobalSection(ExtensibilityGlobals) = postSolution
		SolutionGuid = {8EB58278-188B-421F-AEAA-64620996B9DD}
	EndGlobalSection
EndGlobal
